
Microsoft Visual Studio Solution File, Format Version 12.00
# Visual Studio Version 17
VisualStudioVersion = 17.14.36109.1
MinimumVisualStudioVersion = 10.0.40219.1
Project("{FAE04EC0-301F-11D3-BF4B-00C04F79EFBC}") = "TourMate.UserService.Api", "TourMate.UserService.Api\TourMate.UserService.Api.csproj", "{A1D818BE-0584-464F-9B78-A2A940AF083C}"
EndProject
Project("{FAE04EC0-301F-11D3-BF4B-00C04F79EFBC}") = "TourMate.UserService.Services", "TourMate.UserService.Services\TourMate.UserService.Services.csproj", "{DD8D66DC-6F06-41D5-BCDE-6D220BB94D0C}"
EndProject
Project("{FAE04EC0-301F-11D3-BF4B-00C04F79EFBC}") = "TourMate.UserService.Repositories", "TourMate.UserService.Repositories\TourMate.UserService.Repositories.csproj", "{B1E9215D-9DEB-4525-A1B8-F8661DDEC3F3}"
EndProject
Global
	GlobalSection(SolutionConfigurationPlatforms) = preSolution
		Debug|Any CPU = Debug|Any CPU
		Release|Any CPU = Release|Any CPU
	EndGlobalSection
	GlobalSection(ProjectConfigurationPlatforms) = postSolution
		{A1D818BE-0584-464F-9B78-A2A940AF083C}.Debug|Any CPU.ActiveCfg = Debug|Any CPU
		{A1D818BE-0584-464F-9B78-A2A940AF083C}.Debug|Any CPU.Build.0 = Debug|Any CPU
		{A1D818BE-0584-464F-9B78-A2A940AF083C}.Release|Any CPU.ActiveCfg = Release|Any CPU
		{A1D818BE-0584-464F-9B78-A2A940AF083C}.Release|Any CPU.Build.0 = Release|Any CPU
		{DD8D66DC-6F06-41D5-BCDE-6D220BB94D0C}.Debug|Any CPU.ActiveCfg = Debug|Any CPU
		{DD8D66DC-6F06-41D5-BCDE-6D220BB94D0C}.Debug|Any CPU.Build.0 = Debug|Any CPU
		{DD8D66DC-6F06-41D5-BCDE-6D220BB94D0C}.Release|Any CPU.ActiveCfg = Release|Any CPU
		{DD8D66DC-6F06-41D5-BCDE-6D220BB94D0C}.Release|Any CPU.Build.0 = Release|Any CPU
		{B1E9215D-9DEB-4525-A1B8-F8661DDEC3F3}.Debug|Any CPU.ActiveCfg = Debug|Any CPU
		{B1E9215D-9DEB-4525-A1B8-F8661DDEC3F3}.Debug|Any CPU.Build.0 = Debug|Any CPU
		{B1E9215D-9DEB-4525-A1B8-F8661DDEC3F3}.Release|Any CPU.ActiveCfg = Release|Any CPU
		{B1E9215D-9DEB-4525-A1B8-F8661DDEC3F3}.Release|Any CPU.Build.0 = Release|Any CPU
	EndGlobalSection
	GlobalSection(SolutionProperties) = preSolution
		HideSolutionNode = FALSE
	EndGlobalSection
	GlobalSection(ExtensibilityGlobals) = postSolution
		SolutionGuid = {956EA970-5690-4853-950B-F7DFC3D94F1F}
	EndGlobalSection
EndGlobal
