
Microsoft Visual Studio Solution File, Format Version 12.00
# Visual Studio Version 17
VisualStudioVersion = 17.14.36109.1
MinimumVisualStudioVersion = 10.0.40219.1
Project("{FAE04EC0-301F-11D3-BF4B-00C04F79EFBC}") = "TourMate.UserService.Api", "TourMate.UserService.Api\TourMate.UserService.Api.csproj", "{F3FACC80-B7C2-4272-A4C7-305BA807FC60}"
EndProject
Project("{FAE04EC0-301F-11D3-BF4B-00C04F79EFBC}") = "TourMate.UserService.Repositories", "TourMate.UserService.Repositories\TourMate.UserService.Repositories.csproj", "{FC8CEB69-B24F-4316-8DE5-29DC42ECD874}"
EndProject
Project("{FAE04EC0-301F-11D3-BF4B-00C04F79EFBC}") = "TourMate.UserService.Services", "TourMate.UserService.Services\TourMate.UserService.Services.csproj", "{4BE8C27A-7646-4D96-BCFC-1E8C1B0A281D}"
EndProject
Global
	GlobalSection(SolutionConfigurationPlatforms) = preSolution
		Debug|Any CPU = Debug|Any CPU
		Release|Any CPU = Release|Any CPU
	EndGlobalSection
	GlobalSection(ProjectConfigurationPlatforms) = postSolution
		{F3FACC80-B7C2-4272-A4C7-305BA807FC60}.Debug|Any CPU.ActiveCfg = Debug|Any CPU
		{F3FACC80-B7C2-4272-A4C7-305BA807FC60}.Debug|Any CPU.Build.0 = Debug|Any CPU
		{F3FACC80-B7C2-4272-A4C7-305BA807FC60}.Release|Any CPU.ActiveCfg = Release|Any CPU
		{F3FACC80-B7C2-4272-A4C7-305BA807FC60}.Release|Any CPU.Build.0 = Release|Any CPU
		{FC8CEB69-B24F-4316-8DE5-29DC42ECD874}.Debug|Any CPU.ActiveCfg = Debug|Any CPU
		{FC8CEB69-B24F-4316-8DE5-29DC42ECD874}.Debug|Any CPU.Build.0 = Debug|Any CPU
		{FC8CEB69-B24F-4316-8DE5-29DC42ECD874}.Release|Any CPU.ActiveCfg = Release|Any CPU
		{FC8CEB69-B24F-4316-8DE5-29DC42ECD874}.Release|Any CPU.Build.0 = Release|Any CPU
		{4BE8C27A-7646-4D96-BCFC-1E8C1B0A281D}.Debug|Any CPU.ActiveCfg = Debug|Any CPU
		{4BE8C27A-7646-4D96-BCFC-1E8C1B0A281D}.Debug|Any CPU.Build.0 = Debug|Any CPU
		{4BE8C27A-7646-4D96-BCFC-1E8C1B0A281D}.Release|Any CPU.ActiveCfg = Release|Any CPU
		{4BE8C27A-7646-4D96-BCFC-1E8C1B0A281D}.Release|Any CPU.Build.0 = Release|Any CPU
	EndGlobalSection
	GlobalSection(SolutionProperties) = preSolution
		HideSolutionNode = FALSE
	EndGlobalSection
	GlobalSection(ExtensibilityGlobals) = postSolution
		SolutionGuid = {77FA756B-EB43-46C8-9DE8-6DC503A787CF}
	EndGlobalSection
EndGlobal
